
Microsoft Visual Studio Solution File, Format Version 12.00
# Visual Studio Version 17
VisualStudioVersion = 17.5.33516.290
MinimumVisualStudioVersion = 10.0.40219.1
Project("{FAE04EC0-301F-11D3-BF4B-00C04F79EFBC}") = "TestSpecFlow", "TestSpecFlow\TestSpecFlow.csproj", "{AEC61AB6-E310-439D-B489-CC3C35B20A87}"
EndProject
Global
	GlobalSection(SolutionConfigurationPlatforms) = preSolution
		Debug|Any CPU = Debug|Any CPU
		Release|Any CPU = Release|Any CPU
	EndGlobalSection
	GlobalSection(ProjectConfigurationPlatforms) = postSolution
		{AEC61AB6-E310-439D-B489-CC3C35B20A87}.Debug|Any CPU.ActiveCfg = Debug|Any CPU
		{AEC61AB6-E310-439D-B489-CC3C35B20A87}.Debug|Any CPU.Build.0 = Debug|Any CPU
		{AEC61AB6-E310-439D-B489-CC3C35B20A87}.Release|Any CPU.ActiveCfg = Release|Any CPU
		{AEC61AB6-E310-439D-B489-CC3C35B20A87}.Release|Any CPU.Build.0 = Release|Any CPU
	EndGlobalSection
	GlobalSection(SolutionProperties) = preSolution
		HideSolutionNode = FALSE
	EndGlobalSection
	GlobalSection(ExtensibilityGlobals) = postSolution
		SolutionGuid = {5387F9EF-11CA-49EB-ADBD-8F126D33E67D}
	EndGlobalSection
EndGlobal
